
Microsoft Visual Studio Solution File, Format Version 12.00
# Visual Studio Version 17
VisualStudioVersion = 17.0.31903.59
MinimumVisualStudioVersion = 10.0.40219.1
Project("{FAE04EC0-301F-11D3-BF4B-00C04F79EFBC}") = "UniversityMessagingSystem", "UniversityMessagingSystem\UniversityMessagingSystem.csproj", "{5EBBDBD1-5ACF-4EB2-BAFC-6A1786C1C33B}"
EndProject
Global
	GlobalSection(SolutionConfigurationPlatforms) = preSolution
		Debug|Any CPU = Debug|Any CPU
		Release|Any CPU = Release|Any CPU
	EndGlobalSection
	GlobalSection(ProjectConfigurationPlatforms) = postSolution
		{5EBBDBD1-5ACF-4EB2-BAFC-6A1786C1C33B}.Debug|Any CPU.ActiveCfg = Debug|Any CPU
		{5EBBDBD1-5ACF-4EB2-BAFC-6A1786C1C33B}.Debug|Any CPU.Build.0 = Debug|Any CPU
		{5EBBDBD1-5ACF-4EB2-BAFC-6A1786C1C33B}.Release|Any CPU.ActiveCfg = Release|Any CPU
		{5EBBDBD1-5ACF-4EB2-BAFC-6A1786C1C33B}.Release|Any CPU.Build.0 = Release|Any CPU
	EndGlobalSection
	GlobalSection(SolutionProperties) = preSolution
		HideSolutionNode = FALSE
	EndGlobalSection
	GlobalSection(ExtensibilityGlobals) = postSolution
		SolutionGuid = {04D8A5A6-BFAD-49C5-A52A-7712893DE2B8}
	EndGlobalSection
EndGlobal
